
Microsoft Visual Studio Solution File, Format Version 12.00
# Visual Studio 15
VisualStudioVersion = 15.0.28307.438
MinimumVisualStudioVersion = 10.0.40219.1
Project("{9A19103F-16F7-4668-BE54-9A1E7A4F7556}") = "Courier.core", "Courier.core\Courier.core.csproj", "{38335857-C28E-4FDB-8F7C-B004805BC9C5}"
EndProject
Project("{FAE04EC0-301F-11D3-BF4B-00C04F79EFBC}") = "Courier.Api", "Courier.Api\Courier.Api.csproj", "{663C4A3E-EFE4-4738-B894-0B0706C98FAF}"
EndProject
Project("{FAE04EC0-301F-11D3-BF4B-00C04F79EFBC}") = "Courier.Infrastructure", "Courier.Infrastructure\Courier.Infrastructure.csproj", "{02F35CD5-7770-4631-B49A-03CD590D4C87}"
EndProject
Project("{FAE04EC0-301F-11D3-BF4B-00C04F79EFBC}") = "Courier.Test", "Courier.Test\Courier.Test.csproj", "{9D42C426-C95E-4B12-BB54-E59783272915}"
EndProject
Global
	GlobalSection(SolutionConfigurationPlatforms) = preSolution
		Debug|Any CPU = Debug|Any CPU
		Release|Any CPU = Release|Any CPU
	EndGlobalSection
	GlobalSection(ProjectConfigurationPlatforms) = postSolution
		{38335857-C28E-4FDB-8F7C-B004805BC9C5}.Debug|Any CPU.ActiveCfg = Debug|Any CPU
		{38335857-C28E-4FDB-8F7C-B004805BC9C5}.Debug|Any CPU.Build.0 = Debug|Any CPU
		{38335857-C28E-4FDB-8F7C-B004805BC9C5}.Release|Any CPU.ActiveCfg = Release|Any CPU
		{38335857-C28E-4FDB-8F7C-B004805BC9C5}.Release|Any CPU.Build.0 = Release|Any CPU
		{663C4A3E-EFE4-4738-B894-0B0706C98FAF}.Debug|Any CPU.ActiveCfg = Debug|Any CPU
		{663C4A3E-EFE4-4738-B894-0B0706C98FAF}.Debug|Any CPU.Build.0 = Debug|Any CPU
		{663C4A3E-EFE4-4738-B894-0B0706C98FAF}.Release|Any CPU.ActiveCfg = Release|Any CPU
		{663C4A3E-EFE4-4738-B894-0B0706C98FAF}.Release|Any CPU.Build.0 = Release|Any CPU
		{02F35CD5-7770-4631-B49A-03CD590D4C87}.Debug|Any CPU.ActiveCfg = Debug|Any CPU
		{02F35CD5-7770-4631-B49A-03CD590D4C87}.Debug|Any CPU.Build.0 = Debug|Any CPU
		{02F35CD5-7770-4631-B49A-03CD590D4C87}.Release|Any CPU.ActiveCfg = Release|Any CPU
		{02F35CD5-7770-4631-B49A-03CD590D4C87}.Release|Any CPU.Build.0 = Release|Any CPU
		{9D42C426-C95E-4B12-BB54-E59783272915}.Debug|Any CPU.ActiveCfg = Debug|Any CPU
		{9D42C426-C95E-4B12-BB54-E59783272915}.Debug|Any CPU.Build.0 = Debug|Any CPU
		{9D42C426-C95E-4B12-BB54-E59783272915}.Release|Any CPU.ActiveCfg = Release|Any CPU
		{9D42C426-C95E-4B12-BB54-E59783272915}.Release|Any CPU.Build.0 = Release|Any CPU
	EndGlobalSection
	GlobalSection(SolutionProperties) = preSolution
		HideSolutionNode = FALSE
	EndGlobalSection
	GlobalSection(ExtensibilityGlobals) = postSolution
		SolutionGuid = {64F3137A-A690-4918-9744-542096F29A9F}
	EndGlobalSection
EndGlobal
